// !$*UTF8*$!
{
	archiveVersion = 1;
	classes = {
	};
	objectVersion = 55;
	objects = {

/* Begin PBXBuildFile section */
		61941EBD27D86F15005F0417 /* AppDelegate.swift in Sources */ = {isa = PBXBuildFile; fileRef = 61941EBC27D86F15005F0417 /* AppDelegate.swift */; };
		61941EBF27D86F15005F0417 /* SceneDelegate.swift in Sources */ = {isa = PBXBuildFile; fileRef = 61941EBE27D86F15005F0417 /* SceneDelegate.swift */; };
		61941EC427D86F15005F0417 /* Main.storyboard in Resources */ = {isa = PBXBuildFile; fileRef = 61941EC227D86F15005F0417 /* Main.storyboard */; };
		61941EC627D86F17005F0417 /* Assets.xcassets in Resources */ = {isa = PBXBuildFile; fileRef = 61941EC527D86F17005F0417 /* Assets.xcassets */; };
		61941EC927D86F17005F0417 /* LaunchScreen.storyboard in Resources */ = {isa = PBXBuildFile; fileRef = 61941EC727D86F17005F0417 /* LaunchScreen.storyboard */; };
		61941ED827D86FE3005F0417 /* LoginController.swift in Sources */ = {isa = PBXBuildFile; fileRef = 61941ED727D86FE3005F0417 /* LoginController.swift */; };
		61941EDA27D879DB005F0417 /* Extensions.swift in Sources */ = {isa = PBXBuildFile; fileRef = 61941ED927D879DB005F0417 /* Extensions.swift */; };
		61941EDC27D89EFC005F0417 /* SignUpController.swift in Sources */ = {isa = PBXBuildFile; fileRef = 61941EDB27D89EFC005F0417 /* SignUpController.swift */; };
		61941EDE27D8ABCD005F0417 /* AuthButton.swift in Sources */ = {isa = PBXBuildFile; fileRef = 61941EDD27D8ABCD005F0417 /* AuthButton.swift */; };
/* End PBXBuildFile section */

/* Begin PBXFileReference section */
		61941EB927D86F15005F0417 /* UberRides.app */ = {isa = PBXFileReference; explicitFileType = wrapper.application; includeInIndex = 0; path = UberRides.app; sourceTree = BUILT_PRODUCTS_DIR; };
		61941EBC27D86F15005F0417 /* AppDelegate.swift */ = {isa = PBXFileReference; lastKnownFileType = sourcecode.swift; path = AppDelegate.swift; sourceTree = "<group>"; };
		61941EBE27D86F15005F0417 /* SceneDelegate.swift */ = {isa = PBXFileReference; lastKnownFileType = sourcecode.swift; path = SceneDelegate.swift; sourceTree = "<group>"; };
		61941EC327D86F15005F0417 /* Base */ = {isa = PBXFileReference; lastKnownFileType = file.storyboard; name = Base; path = Base.lproj/Main.storyboard; sourceTree = "<group>"; };
		61941EC527D86F17005F0417 /* Assets.xcassets */ = {isa = PBXFileReference; lastKnownFileType = folder.assetcatalog; path = Assets.xcassets; sourceTree = "<group>"; };
		61941EC827D86F17005F0417 /* Base */ = {isa = PBXFileReference; lastKnownFileType = file.storyboard; name = Base; path = Base.lproj/LaunchScreen.storyboard; sourceTree = "<group>"; };
		61941ECA27D86F17005F0417 /* Info.plist */ = {isa = PBXFileReference; lastKnownFileType = text.plist.xml; path = Info.plist; sourceTree = "<group>"; };
		61941ED727D86FE3005F0417 /* LoginController.swift */ = {isa = PBXFileReference; lastKnownFileType = sourcecode.swift; path = LoginController.swift; sourceTree = "<group>"; };
		61941ED927D879DB005F0417 /* Extensions.swift */ = {isa = PBXFileReference; lastKnownFileType = sourcecode.swift; path = Extensions.swift; sourceTree = "<group>"; };
		61941EDB27D89EFC005F0417 /* SignUpController.swift */ = {isa = PBXFileReference; lastKnownFileType = sourcecode.swift; path = SignUpController.swift; sourceTree = "<group>"; };
		61941EDD27D8ABCD005F0417 /* AuthButton.swift */ = {isa = PBXFileReference; lastKnownFileType = sourcecode.swift; path = AuthButton.swift; sourceTree = "<group>"; };
/* End PBXFileReference section */

/* Begin PBXFrameworksBuildPhase section */
		61941EB627D86F15005F0417 /* Frameworks */ = {
			isa = PBXFrameworksBuildPhase;
			buildActionMask = 2147483647;
			files = (
			);
			runOnlyForDeploymentPostprocessing = 0;
		};
/* End PBXFrameworksBuildPhase section */

/* Begin PBXGroup section */
		61941EB027D86F15005F0417 = {
			isa = PBXGroup;
			children = (
				61941EBB27D86F15005F0417 /* UberRides */,
				61941EBA27D86F15005F0417 /* Products */,
			);
			sourceTree = "<group>";
		};
		61941EBA27D86F15005F0417 /* Products */ = {
			isa = PBXGroup;
			children = (
				61941EB927D86F15005F0417 /* UberRides.app */,
			);
			name = Products;
			sourceTree = "<group>";
		};
		61941EBB27D86F15005F0417 /* UberRides */ = {
			isa = PBXGroup;
			children = (
				61941ED627D86F46005F0417 /* Model */,
				61941ED527D86F44005F0417 /* View */,
				61941ED427D86F43005F0417 /* Controller */,
				61941ED327D86F41005F0417 /* Service */,
				61941ED027D86F37005F0417 /* Utils */,
				61941EBC27D86F15005F0417 /* AppDelegate.swift */,
				61941EBE27D86F15005F0417 /* SceneDelegate.swift */,
				61941EC227D86F15005F0417 /* Main.storyboard */,
				61941EC527D86F17005F0417 /* Assets.xcassets */,
				61941EC727D86F17005F0417 /* LaunchScreen.storyboard */,
				61941ECA27D86F17005F0417 /* Info.plist */,
			);
			path = UberRides;
			sourceTree = "<group>";
		};
		61941ED027D86F37005F0417 /* Utils */ = {
			isa = PBXGroup;
			children = (
				61941ED927D879DB005F0417 /* Extensions.swift */,
			);
			path = Utils;
			sourceTree = "<group>";
		};
		61941ED327D86F41005F0417 /* Service */ = {
			isa = PBXGroup;
			children = (
			);
			path = Service;
			sourceTree = "<group>";
		};
		61941ED427D86F43005F0417 /* Controller */ = {
			isa = PBXGroup;
			children = (
				61941ED727D86FE3005F0417 /* LoginController.swift */,
				61941EDB27D89EFC005F0417 /* SignUpController.swift */,
			);
			path = Controller;
			sourceTree = "<group>";
		};
		61941ED527D86F44005F0417 /* View */ = {
			isa = PBXGroup;
			children = (
				61941EDD27D8ABCD005F0417 /* AuthButton.swift */,
			);
			path = View;
			sourceTree = "<group>";
		};
		61941ED627D86F46005F0417 /* Model */ = {
			isa = PBXGroup;
			children = (
			);
			path = Model;
			sourceTree = "<group>";
		};
/* End PBXGroup section */

/* Begin PBXNativeTarget section */
		61941EB827D86F15005F0417 /* UberRides */ = {
			isa = PBXNativeTarget;
			buildConfigurationList = 61941ECD27D86F17005F0417 /* Build configuration list for PBXNativeTarget "UberRides" */;
			buildPhases = (
				61941EB527D86F15005F0417 /* Sources */,
				61941EB627D86F15005F0417 /* Frameworks */,
				61941EB727D86F15005F0417 /* Resources */,
			);
			buildRules = (
			);
			dependencies = (
			);
			name = UberRides;
			productName = UberRides;
			productReference = 61941EB927D86F15005F0417 /* UberRides.app */;
			productType = "com.apple.product-type.application";
		};
/* End PBXNativeTarget section */

/* Begin PBXProject section */
		61941EB127D86F15005F0417 /* Project object */ = {
			isa = PBXProject;
			attributes = {
				BuildIndependentTargetsInParallel = 1;
				LastSwiftUpdateCheck = 1320;
				LastUpgradeCheck = 1320;
				TargetAttributes = {
					61941EB827D86F15005F0417 = {
						CreatedOnToolsVersion = 13.2.1;
					};
				};
			};
			buildConfigurationList = 61941EB427D86F15005F0417 /* Build configuration list for PBXProject "UberRides" */;
			compatibilityVersion = "Xcode 13.0";
			developmentRegion = en;
			hasScannedForEncodings = 0;
			knownRegions = (
				en,
				Base,
			);
			mainGroup = 61941EB027D86F15005F0417;
			productRefGroup = 61941EBA27D86F15005F0417 /* Products */;
			projectDirPath = "";
			projectRoot = "";
			targets = (
				61941EB827D86F15005F0417 /* UberRides */,
			);
		};
/* End PBXProject section */

/* Begin PBXResourcesBuildPhase section */
		61941EB727D86F15005F0417 /* Resources */ = {
			isa = PBXResourcesBuildPhase;
			buildActionMask = 2147483647;
			files = (
				61941EC927D86F17005F0417 /* LaunchScreen.storyboard in Resources */,
				61941EC627D86F17005F0417 /* Assets.xcassets in Resources */,
				61941EC427D86F15005F0417 /* Main.storyboard in Resources */,
			);
			runOnlyForDeploymentPostprocessing = 0;
		};
/* End PBXResourcesBuildPhase section */

/* Begin PBXSourcesBuildPhase section */
		61941EB527D86F15005F0417 /* Sources */ = {
			isa = PBXSourcesBuildPhase;
			buildActionMask = 2147483647;
			files = (
				61941EDC27D89EFC005F0417 /* SignUpController.swift in Sources */,
				61941EDE27D8ABCD005F0417 /* AuthButton.swift in Sources */,
				61941EBD27D86F15005F0417 /* AppDelegate.swift in Sources */,
				61941ED827D86FE3005F0417 /* LoginController.swift in Sources */,
				61941EBF27D86F15005F0417 /* SceneDelegate.swift in Sources */,
				61941EDA27D879DB005F0417 /* Extensions.swift in Sources */,
			);
			runOnlyForDeploymentPostprocessing = 0;
		};
/* End PBXSourcesBuildPhase section */

/* Begin PBXVariantGroup section */
		61941EC227D86F15005F0417 /* Main.storyboard */ = {
			isa = PBXVariantGroup;
			children = (
				61941EC327D86F15005F0417 /* Base */,
			);
			name = Main.storyboard;
			sourceTree = "<group>";
		};
		61941EC727D86F17005F0417 /* LaunchScreen.storyboard */ = {
			isa = PBXVariantGroup;
			children = (
				61941EC827D86F17005F0417 /* Base */,
			);
			name = LaunchScreen.storyboard;
			sourceTree = "<group>";
		};
/* End PBXVariantGroup section */

/* Begin XCBuildConfiguration section */
		61941ECB27D86F17005F0417 /* Debug */ = {
			isa = XCBuildConfiguration;
			buildSettings = {
				ALWAYS_SEARCH_USER_PATHS = NO;
				CLANG_ANALYZER_NONNULL = YES;
				CLANG_ANALYZER_NUMBER_OBJECT_CONVERSION = YES_AGGRESSIVE;
				CLANG_CXX_LANGUAGE_STANDARD = "gnu++17";
				CLANG_CXX_LIBRARY = "libc++";
				CLANG_ENABLE_MODULES = YES;
				CLANG_ENABLE_OBJC_ARC = YES;
				CLANG_ENABLE_OBJC_WEAK = YES;
				CLANG_WARN_BLOCK_CAPTURE_AUTORELEASING = YES;
				CLANG_WARN_BOOL_CONVERSION = YES;
				CLANG_WARN_COMMA = YES;
				CLANG_WARN_CONSTANT_CONVERSION = YES;
				CLANG_WARN_DEPRECATED_OBJC_IMPLEMENTATIONS = YES;
				CLANG_WARN_DIRECT_OBJC_ISA_USAGE = YES_ERROR;
				CLANG_WARN_DOCUMENTATION_COMMENTS = YES;
				CLANG_WARN_EMPTY_BODY = YES;
				CLANG_WARN_ENUM_CONVERSION = YES;
				CLANG_WARN_INFINITE_RECURSION = YES;
				CLANG_WARN_INT_CONVERSION = YES;
				CLANG_WARN_NON_LITERAL_NULL_CONVERSION = YES;
				CLANG_WARN_OBJC_IMPLICIT_RETAIN_SELF = YES;
				CLANG_WARN_OBJC_LITERAL_CONVERSION = YES;
				CLANG_WARN_OBJC_ROOT_CLASS = YES_ERROR;
				CLANG_WARN_QUOTED_INCLUDE_IN_FRAMEWORK_HEADER = YES;
				CLANG_WARN_RANGE_LOOP_ANALYSIS = YES;
				CLANG_WARN_STRICT_PROTOTYPES = YES;
				CLANG_WARN_SUSPICIOUS_MOVE = YES;
				CLANG_WARN_UNGUARDED_AVAILABILITY = YES_AGGRESSIVE;
				CLANG_WARN_UNREACHABLE_CODE = YES;
				CLANG_WARN__DUPLICATE_METHOD_MATCH = YES;
				COPY_PHASE_STRIP = NO;
				DEBUG_INFORMATION_FORMAT = dwarf;
				ENABLE_STRICT_OBJC_MSGSEND = YES;
				ENABLE_TESTABILITY = YES;
				GCC_C_LANGUAGE_STANDARD = gnu11;
				GCC_DYNAMIC_NO_PIC = NO;
				GCC_NO_COMMON_BLOCKS = YES;
				GCC_OPTIMIZATION_LEVEL = 0;
				GCC_PREPROCESSOR_DEFINITIONS = (
					"DEBUG=1",
					"$(inherited)",
				);
				GCC_WARN_64_TO_32_BIT_CONVERSION = YES;
				GCC_WARN_ABOUT_RETURN_TYPE = YES_ERROR;
				GCC_WARN_UNDECLARED_SELECTOR = YES;
				GCC_WARN_UNINITIALIZED_AUTOS = YES_AGGRESSIVE;
				GCC_WARN_UNUSED_FUNCTION = YES;
				GCC_WARN_UNUSED_VARIABLE = YES;
				IPHONEOS_DEPLOYMENT_TARGET = 15.2;
				MTL_ENABLE_DEBUG_INFO = INCLUDE_SOURCE;
				MTL_FAST_MATH = YES;
				ONLY_ACTIVE_ARCH = YES;
				SDKROOT = iphoneos;
				SWIFT_ACTIVE_COMPILATION_CONDITIONS = DEBUG;
				SWIFT_OPTIMIZATION_LEVEL = "-Onone";
			};
			name = Debug;
		};
		61941ECC27D86F17005F0417 /* Release */ = {
			isa = XCBuildConfiguration;
			buildSettings = {
				ALWAYS_SEARCH_USER_PATHS = NO;
				CLANG_ANALYZER_NONNULL = YES;
				CLANG_ANALYZER_NUMBER_OBJECT_CONVERSION = YES_AGGRESSIVE;
				CLANG_CXX_LANGUAGE_STANDARD = "gnu++17";
				CLANG_CXX_LIBRARY = "libc++";
				CLANG_ENABLE_MODULES = YES;
				CLANG_ENABLE_OBJC_ARC = YES;
				CLANG_ENABLE_OBJC_WEAK = YES;
				CLANG_WARN_BLOCK_CAPTURE_AUTORELEASING = YES;
				CLANG_WARN_BOOL_CONVERSION = YES;
				CLANG_WARN_COMMA = YES;
				CLANG_WARN_CONSTANT_CONVERSION = YES;
				CLANG_WARN_DEPRECATED_OBJC_IMPLEMENTATIONS = YES;
				CLANG_WARN_DIRECT_OBJC_ISA_USAGE = YES_ERROR;
				CLANG_WARN_DOCUMENTATION_COMMENTS = YES;
				CLANG_WARN_EMPTY_BODY = YES;
				CLANG_WARN_ENUM_CONVERSION = YES;
				CLANG_WARN_INFINITE_RECURSION = YES;
				CLANG_WARN_INT_CONVERSION = YES;
				CLANG_WARN_NON_LITERAL_NULL_CONVERSION = YES;
				CLANG_WARN_OBJC_IMPLICIT_RETAIN_SELF = YES;
				CLANG_WARN_OBJC_LITERAL_CONVERSION = YES;
				CLANG_WARN_OBJC_ROOT_CLASS = YES_ERROR;
				CLANG_WARN_QUOTED_INCLUDE_IN_FRAMEWORK_HEADER = YES;
				CLANG_WARN_RANGE_LOOP_ANALYSIS = YES;
				CLANG_WARN_STRICT_PROTOTYPES = YES;
				CLANG_WARN_SUSPICIOUS_MOVE = YES;
				CLANG_WARN_UNGUARDED_AVAILABILITY = YES_AGGRESSIVE;
				CLANG_WARN_UNREACHABLE_CODE = YES;
				CLANG_WARN__DUPLICATE_METHOD_MATCH = YES;
				COPY_PHASE_STRIP = NO;
				DEBUG_INFORMATION_FORMAT = "dwarf-with-dsym";
				ENABLE_NS_ASSERTIONS = NO;
				ENABLE_STRICT_OBJC_MSGSEND = YES;
				GCC_C_LANGUAGE_STANDARD = gnu11;
				GCC_NO_COMMON_BLOCKS = YES;
				GCC_WARN_64_TO_32_BIT_CONVERSION = YES;
				GCC_WARN_ABOUT_RETURN_TYPE = YES_ERROR;
				GCC_WARN_UNDECLARED_SELECTOR = YES;
				GCC_WARN_UNINITIALIZED_AUTOS = YES_AGGRESSIVE;
				GCC_WARN_UNUSED_FUNCTION = YES;
				GCC_WARN_UNUSED_VARIABLE = YES;
				IPHONEOS_DEPLOYMENT_TARGET = 15.2;
				MTL_ENABLE_DEBUG_INFO = NO;
				MTL_FAST_MATH = YES;
				SDKROOT = iphoneos;
				SWIFT_COMPILATION_MODE = wholemodule;
				SWIFT_OPTIMIZATION_LEVEL = "-O";
				VALIDATE_PRODUCT = YES;
			};
			name = Release;
		};
		61941ECE27D86F17005F0417 /* Debug */ = {
			isa = XCBuildConfiguration;
			buildSettings = {
				ASSETCATALOG_COMPILER_APPICON_NAME = AppIcon;
				ASSETCATALOG_COMPILER_GLOBAL_ACCENT_COLOR_NAME = AccentColor;
				CODE_SIGN_STYLE = Automatic;
				CURRENT_PROJECT_VERSION = 1;
				DEVELOPMENT_TEAM = 5NV3KNC782;
				GENERATE_INFOPLIST_FILE = YES;
				INFOPLIST_FILE = UberRides/Info.plist;
				INFOPLIST_KEY_UIApplicationSupportsIndirectInputEvents = YES;
				INFOPLIST_KEY_UILaunchStoryboardName = LaunchScreen;
				INFOPLIST_KEY_UIMainStoryboardFile = Main;
				INFOPLIST_KEY_UISupportedInterfaceOrientations_iPad = "UIInterfaceOrientationPortrait UIInterfaceOrientationPortraitUpsideDown UIInterfaceOrientationLandscapeLeft UIInterfaceOrientationLandscapeRight";
				INFOPLIST_KEY_UISupportedInterfaceOrientations_iPhone = "UIInterfaceOrientationPortrait UIInterfaceOrientationLandscapeLeft UIInterfaceOrientationLandscapeRight";
				LD_RUNPATH_SEARCH_PATHS = (
					"$(inherited)",
					"@executable_path/Frameworks",
				);
				MARKETING_VERSION = 1.0;
				PRODUCT_BUNDLE_IDENTIFIER = mall.ayush.uberrides.UberRides;
				PRODUCT_NAME = "$(TARGET_NAME)";
				SWIFT_EMIT_LOC_STRINGS = YES;
				SWIFT_VERSION = 5.0;
				TARGETED_DEVICE_FAMILY = "1,2";
			};
			name = Debug;
		};
		61941ECF27D86F17005F0417 /* Release */ = {
			isa = XCBuildConfiguration;
			buildSettings = {
				ASSETCATALOG_COMPILER_APPICON_NAME = AppIcon;
				ASSETCATALOG_COMPILER_GLOBAL_ACCENT_COLOR_NAME = AccentColor;
				CODE_SIGN_STYLE = Automatic;
				CURRENT_PROJECT_VERSION = 1;
				DEVELOPMENT_TEAM = 5NV3KNC782;
				GENERATE_INFOPLIST_FILE = YES;
				INFOPLIST_FILE = UberRides/Info.plist;
				INFOPLIST_KEY_UIApplicationSupportsIndirectInputEvents = YES;
				INFOPLIST_KEY_UILaunchStoryboardName = LaunchScreen;
				INFOPLIST_KEY_UIMainStoryboardFile = Main;
				INFOPLIST_KEY_UISupportedInterfaceOrientations_iPad = "UIInterfaceOrientationPortrait UIInterfaceOrientationPortraitUpsideDown UIInterfaceOrientationLandscapeLeft UIInterfaceOrientationLandscapeRight";
				INFOPLIST_KEY_UISupportedInterfaceOrientations_iPhone = "UIInterfaceOrientationPortrait UIInterfaceOrientationLandscapeLeft UIInterfaceOrientationLandscapeRight";
				LD_RUNPATH_SEARCH_PATHS = (
					"$(inherited)",
					"@executable_path/Frameworks",
				);
				MARKETING_VERSION = 1.0;
				PRODUCT_BUNDLE_IDENTIFIER = mall.ayush.uberrides.UberRides;
				PRODUCT_NAME = "$(TARGET_NAME)";
				SWIFT_EMIT_LOC_STRINGS = YES;
				SWIFT_VERSION = 5.0;
				TARGETED_DEVICE_FAMILY = "1,2";
			};
			name = Release;
		};
/* End XCBuildConfiguration section */

/* Begin XCConfigurationList section */
		61941EB427D86F15005F0417 /* Build configuration list for PBXProject "UberRides" */ = {
			isa = XCConfigurationList;
			buildConfigurations = (
				61941ECB27D86F17005F0417 /* Debug */,
				61941ECC27D86F17005F0417 /* Release */,
			);
			defaultConfigurationIsVisible = 0;
			defaultConfigurationName = Release;
		};
		61941ECD27D86F17005F0417 /* Build configuration list for PBXNativeTarget "UberRides" */ = {
			isa = XCConfigurationList;
			buildConfigurations = (
				61941ECE27D86F17005F0417 /* Debug */,
				61941ECF27D86F17005F0417 /* Release */,
			);
			defaultConfigurationIsVisible = 0;
			defaultConfigurationName = Release;
		};
/* End XCConfigurationList section */
	};
	rootObject = 61941EB127D86F15005F0417 /* Project object */;
}
